
Microsoft Visual Studio Solution File, Format Version 12.00
# Visual Studio Version 17
VisualStudioVersion = 17.14.36616.10 d17.14
MinimumVisualStudioVersion = 10.0.40219.1
Project("{FAE04EC0-301F-11D3-BF4B-00C04F79EFBC}") = "SolidPrinciples", "SolidPrinciples.csproj", "{058D6C17-3DED-BAD6-2C1D-4EA9591DB083}"
EndProject
Global
	GlobalSection(SolutionConfigurationPlatforms) = preSolution
		Debug|Any CPU = Debug|Any CPU
		Release|Any CPU = Release|Any CPU
	EndGlobalSection
	GlobalSection(ProjectConfigurationPlatforms) = postSolution
		{058D6C17-3DED-BAD6-2C1D-4EA9591DB083}.Debug|Any CPU.ActiveCfg = Debug|Any CPU
		{058D6C17-3DED-BAD6-2C1D-4EA9591DB083}.Debug|Any CPU.Build.0 = Debug|Any CPU
		{058D6C17-3DED-BAD6-2C1D-4EA9591DB083}.Release|Any CPU.ActiveCfg = Release|Any CPU
		{058D6C17-3DED-BAD6-2C1D-4EA9591DB083}.Release|Any CPU.Build.0 = Release|Any CPU
	EndGlobalSection
	GlobalSection(SolutionProperties) = preSolution
		HideSolutionNode = FALSE
	EndGlobalSection
	GlobalSection(ExtensibilityGlobals) = postSolution
		SolutionGuid = {F63ECB14-2BE4-4FEA-9533-E3C33F7DA5DC}
	EndGlobalSection
EndGlobal
